
Microsoft Visual Studio Solution File, Format Version 12.00
# Visual Studio Version 16
VisualStudioVersion = 16.0.30523.141
MinimumVisualStudioVersion = 10.0.40219.1
Project("{FAE04EC0-301F-11D3-BF4B-00C04F79EFBC}") = "Speed Convertor", "Speed Convertor\Speed Convertor.csproj", "{F479BDEA-4047-49AB-8CF8-29C23015B672}"
EndProject
Global
	GlobalSection(SolutionConfigurationPlatforms) = preSolution
		Debug|Any CPU = Debug|Any CPU
		Release|Any CPU = Release|Any CPU
	EndGlobalSection
	GlobalSection(ProjectConfigurationPlatforms) = postSolution
		{F479BDEA-4047-49AB-8CF8-29C23015B672}.Debug|Any CPU.ActiveCfg = Debug|Any CPU
		{F479BDEA-4047-49AB-8CF8-29C23015B672}.Debug|Any CPU.Build.0 = Debug|Any CPU
		{F479BDEA-4047-49AB-8CF8-29C23015B672}.Release|Any CPU.ActiveCfg = Release|Any CPU
		{F479BDEA-4047-49AB-8CF8-29C23015B672}.Release|Any CPU.Build.0 = Release|Any CPU
	EndGlobalSection
	GlobalSection(SolutionProperties) = preSolution
		HideSolutionNode = FALSE
	EndGlobalSection
	GlobalSection(ExtensibilityGlobals) = postSolution
		SolutionGuid = {F44C0705-3552-49DB-9FE6-4139FACFE406}
	EndGlobalSection
EndGlobal
